
Microsoft Visual Studio Solution File, Format Version 12.00
# Visual Studio Version 17
VisualStudioVersion = 17.4.33110.190
MinimumVisualStudioVersion = 10.0.40219.1
Project("{FAE04EC0-301F-11D3-BF4B-00C04F79EFBC}") = "User_Registration", "User_Registration.csproj", "{38D50656-ACC9-4FDB-A6E4-BFC5E15C3E60}"
EndProject
Global
	GlobalSection(SolutionConfigurationPlatforms) = preSolution
		Debug|Any CPU = Debug|Any CPU
		Release|Any CPU = Release|Any CPU
	EndGlobalSection
	GlobalSection(ProjectConfigurationPlatforms) = postSolution
		{38D50656-ACC9-4FDB-A6E4-BFC5E15C3E60}.Debug|Any CPU.ActiveCfg = Debug|Any CPU
		{38D50656-ACC9-4FDB-A6E4-BFC5E15C3E60}.Debug|Any CPU.Build.0 = Debug|Any CPU
		{38D50656-ACC9-4FDB-A6E4-BFC5E15C3E60}.Release|Any CPU.ActiveCfg = Release|Any CPU
		{38D50656-ACC9-4FDB-A6E4-BFC5E15C3E60}.Release|Any CPU.Build.0 = Release|Any CPU
	EndGlobalSection
	GlobalSection(SolutionProperties) = preSolution
		HideSolutionNode = FALSE
	EndGlobalSection
	GlobalSection(ExtensibilityGlobals) = postSolution
		SolutionGuid = {B02A5281-8600-4D43-A65B-35E77EA05D75}
	EndGlobalSection
EndGlobal
